
Microsoft Visual Studio Solution File, Format Version 12.00
# Visual Studio Version 16
VisualStudioVersion = 16.0.29215.179
MinimumVisualStudioVersion = 10.0.40219.1
Project("{8BC9CEB8-8B4A-11D0-8D11-00A0C91BC942}") = "Classwork11", "Classwork11.vcxproj", "{DBB158BD-CA66-46B5-8288-36BD976865EF}"
EndProject
Global
	GlobalSection(SolutionConfigurationPlatforms) = preSolution
		Debug|x64 = Debug|x64
		Debug|x86 = Debug|x86
		Release|x64 = Release|x64
		Release|x86 = Release|x86
	EndGlobalSection
	GlobalSection(ProjectConfigurationPlatforms) = postSolution
		{DBB158BD-CA66-46B5-8288-36BD976865EF}.Debug|x64.ActiveCfg = Debug|x64
		{DBB158BD-CA66-46B5-8288-36BD976865EF}.Debug|x64.Build.0 = Debug|x64
		{DBB158BD-CA66-46B5-8288-36BD976865EF}.Debug|x86.ActiveCfg = Debug|Win32
		{DBB158BD-CA66-46B5-8288-36BD976865EF}.Debug|x86.Build.0 = Debug|Win32
		{DBB158BD-CA66-46B5-8288-36BD976865EF}.Release|x64.ActiveCfg = Release|x64
		{DBB158BD-CA66-46B5-8288-36BD976865EF}.Release|x64.Build.0 = Release|x64
		{DBB158BD-CA66-46B5-8288-36BD976865EF}.Release|x86.ActiveCfg = Release|Win32
		{DBB158BD-CA66-46B5-8288-36BD976865EF}.Release|x86.Build.0 = Release|Win32
	EndGlobalSection
	GlobalSection(SolutionProperties) = preSolution
		HideSolutionNode = FALSE
	EndGlobalSection
	GlobalSection(ExtensibilityGlobals) = postSolution
		SolutionGuid = {A9E2B760-21DA-45D6-ADF9-2A9812EAD64D}
	EndGlobalSection
EndGlobal
